
Microsoft Visual Studio Solution File, Format Version 12.00
# Visual Studio Version 17
VisualStudioVersion = 17.9.34622.214
MinimumVisualStudioVersion = 10.0.40219.1
Project("{FAE04EC0-301F-11D3-BF4B-00C04F79EFBC}") = "FrostFlow", "FrostFlow\FrostFlow.csproj", "{D086F7EA-978B-48F8-9E3F-094F50454980}"
EndProject
Global
	GlobalSection(SolutionConfigurationPlatforms) = preSolution
		Debug|Any CPU = Debug|Any CPU
		Release|Any CPU = Release|Any CPU
	EndGlobalSection
	GlobalSection(ProjectConfigurationPlatforms) = postSolution
		{D086F7EA-978B-48F8-9E3F-094F50454980}.Debug|Any CPU.ActiveCfg = Debug|Any CPU
		{D086F7EA-978B-48F8-9E3F-094F50454980}.Debug|Any CPU.Build.0 = Debug|Any CPU
		{D086F7EA-978B-48F8-9E3F-094F50454980}.Release|Any CPU.ActiveCfg = Release|Any CPU
		{D086F7EA-978B-48F8-9E3F-094F50454980}.Release|Any CPU.Build.0 = Release|Any CPU
	EndGlobalSection
	GlobalSection(SolutionProperties) = preSolution
		HideSolutionNode = FALSE
	EndGlobalSection
	GlobalSection(ExtensibilityGlobals) = postSolution
		SolutionGuid = {0F344C57-A970-4F7B-883B-6AC999A21060}
	EndGlobalSection
EndGlobal
